// !$*UTF8*$!
{
	archiveVersion = 1;
	classes = {
	};
	objectVersion = 55;
	objects = {

/* Begin PBXBuildFile section */
		AAD7E98827EC5D2800AD1043 /* Tutorial4App.swift in Sources */ = {isa = PBXBuildFile; fileRef = AAD7E98727EC5D2800AD1043 /* Tutorial4App.swift */; };
		AAD7E98A27EC5D2800AD1043 /* ContentView.swift in Sources */ = {isa = PBXBuildFile; fileRef = AAD7E98927EC5D2800AD1043 /* ContentView.swift */; };
		AAD7E98C27EC5D2900AD1043 /* Assets.xcassets in Resources */ = {isa = PBXBuildFile; fileRef = AAD7E98B27EC5D2900AD1043 /* Assets.xcassets */; };
		AAD7E98F27EC5D2900AD1043 /* Preview Assets.xcassets in Resources */ = {isa = PBXBuildFile; fileRef = AAD7E98E27EC5D2900AD1043 /* Preview Assets.xcassets */; };
		AAD7E99627EC5E9D00AD1043 /* DogMaker.swift in Sources */ = {isa = PBXBuildFile; fileRef = AAD7E99527EC5E9D00AD1043 /* DogMaker.swift */; };
		AAD7E99827EC605400AD1043 /* DogMakerCell.swift in Sources */ = {isa = PBXBuildFile; fileRef = AAD7E99727EC605400AD1043 /* DogMakerCell.swift */; };
		AAD7E99A27ED582200AD1043 /* DogMarkerDetail.swift in Sources */ = {isa = PBXBuildFile; fileRef = AAD7E99927ED582200AD1043 /* DogMarkerDetail.swift */; };
/* End PBXBuildFile section */

/* Begin PBXFileReference section */
		AAD7E98427EC5D2800AD1043 /* Tutorial4.app */ = {isa = PBXFileReference; explicitFileType = wrapper.application; includeInIndex = 0; path = Tutorial4.app; sourceTree = BUILT_PRODUCTS_DIR; };
		AAD7E98727EC5D2800AD1043 /* Tutorial4App.swift */ = {isa = PBXFileReference; lastKnownFileType = sourcecode.swift; path = Tutorial4App.swift; sourceTree = "<group>"; };
		AAD7E98927EC5D2800AD1043 /* ContentView.swift */ = {isa = PBXFileReference; lastKnownFileType = sourcecode.swift; path = ContentView.swift; sourceTree = "<group>"; };
		AAD7E98B27EC5D2900AD1043 /* Assets.xcassets */ = {isa = PBXFileReference; lastKnownFileType = folder.assetcatalog; path = Assets.xcassets; sourceTree = "<group>"; };
		AAD7E98E27EC5D2900AD1043 /* Preview Assets.xcassets */ = {isa = PBXFileReference; lastKnownFileType = folder.assetcatalog; path = "Preview Assets.xcassets"; sourceTree = "<group>"; };
		AAD7E99527EC5E9D00AD1043 /* DogMaker.swift */ = {isa = PBXFileReference; lastKnownFileType = sourcecode.swift; path = DogMaker.swift; sourceTree = "<group>"; };
		AAD7E99727EC605400AD1043 /* DogMakerCell.swift */ = {isa = PBXFileReference; lastKnownFileType = sourcecode.swift; path = DogMakerCell.swift; sourceTree = "<group>"; };
		AAD7E99927ED582200AD1043 /* DogMarkerDetail.swift */ = {isa = PBXFileReference; lastKnownFileType = sourcecode.swift; path = DogMarkerDetail.swift; sourceTree = "<group>"; };
/* End PBXFileReference section */

/* Begin PBXFrameworksBuildPhase section */
		AAD7E98127EC5D2800AD1043 /* Frameworks */ = {
			isa = PBXFrameworksBuildPhase;
			buildActionMask = 2147483647;
			files = (
			);
			runOnlyForDeploymentPostprocessing = 0;
		};
/* End PBXFrameworksBuildPhase section */

/* Begin PBXGroup section */
		AAD7E97B27EC5D2800AD1043 = {
			isa = PBXGroup;
			children = (
				AAD7E98627EC5D2800AD1043 /* Tutorial4 */,
				AAD7E98527EC5D2800AD1043 /* Products */,
			);
			sourceTree = "<group>";
		};
		AAD7E98527EC5D2800AD1043 /* Products */ = {
			isa = PBXGroup;
			children = (
				AAD7E98427EC5D2800AD1043 /* Tutorial4.app */,
			);
			name = Products;
			sourceTree = "<group>";
		};
		AAD7E98627EC5D2800AD1043 /* Tutorial4 */ = {
			isa = PBXGroup;
			children = (
				AAD7E99727EC605400AD1043 /* DogMakerCell.swift */,
				AAD7E98727EC5D2800AD1043 /* Tutorial4App.swift */,
				AAD7E98927EC5D2800AD1043 /* ContentView.swift */,
				AAD7E98B27EC5D2900AD1043 /* Assets.xcassets */,
				AAD7E98D27EC5D2900AD1043 /* Preview Content */,
				AAD7E99527EC5E9D00AD1043 /* DogMaker.swift */,
				AAD7E99927ED582200AD1043 /* DogMarkerDetail.swift */,
			);
			path = Tutorial4;
			sourceTree = "<group>";
		};
		AAD7E98D27EC5D2900AD1043 /* Preview Content */ = {
			isa = PBXGroup;
			children = (
				AAD7E98E27EC5D2900AD1043 /* Preview Assets.xcassets */,
			);
			path = "Preview Content";
			sourceTree = "<group>";
		};
/* End PBXGroup section */

/* Begin PBXNativeTarget section */
		AAD7E98327EC5D2800AD1043 /* Tutorial4 */ = {
			isa = PBXNativeTarget;
			buildConfigurationList = AAD7E99227EC5D2900AD1043 /* Build configuration list for PBXNativeTarget "Tutorial4" */;
			buildPhases = (
				AAD7E98027EC5D2800AD1043 /* Sources */,
				AAD7E98127EC5D2800AD1043 /* Frameworks */,
				AAD7E98227EC5D2800AD1043 /* Resources */,
			);
			buildRules = (
			);
			dependencies = (
			);
			name = Tutorial4;
			productName = Tutorial4;
			productReference = AAD7E98427EC5D2800AD1043 /* Tutorial4.app */;
			productType = "com.apple.product-type.application";
		};
/* End PBXNativeTarget section */

/* Begin PBXProject section */
		AAD7E97C27EC5D2800AD1043 /* Project object */ = {
			isa = PBXProject;
			attributes = {
				BuildIndependentTargetsInParallel = 1;
				LastSwiftUpdateCheck = 1330;
				LastUpgradeCheck = 1330;
				TargetAttributes = {
					AAD7E98327EC5D2800AD1043 = {
						CreatedOnToolsVersion = 13.3;
					};
				};
			};
			buildConfigurationList = AAD7E97F27EC5D2800AD1043 /* Build configuration list for PBXProject "Tutorial4" */;
			compatibilityVersion = "Xcode 13.0";
			developmentRegion = en;
			hasScannedForEncodings = 0;
			knownRegions = (
				en,
				Base,
			);
			mainGroup = AAD7E97B27EC5D2800AD1043;
			productRefGroup = AAD7E98527EC5D2800AD1043 /* Products */;
			projectDirPath = "";
			projectRoot = "";
			targets = (
				AAD7E98327EC5D2800AD1043 /* Tutorial4 */,
			);
		};
/* End PBXProject section */

/* Begin PBXResourcesBuildPhase section */
		AAD7E98227EC5D2800AD1043 /* Resources */ = {
			isa = PBXResourcesBuildPhase;
			buildActionMask = 2147483647;
			files = (
				AAD7E98F27EC5D2900AD1043 /* Preview Assets.xcassets in Resources */,
				AAD7E98C27EC5D2900AD1043 /* Assets.xcassets in Resources */,
			);
			runOnlyForDeploymentPostprocessing = 0;
		};
/* End PBXResourcesBuildPhase section */

/* Begin PBXSourcesBuildPhase section */
		AAD7E98027EC5D2800AD1043 /* Sources */ = {
			isa = PBXSourcesBuildPhase;
			buildActionMask = 2147483647;
			files = (
				AAD7E99627EC5E9D00AD1043 /* DogMaker.swift in Sources */,
				AAD7E98A27EC5D2800AD1043 /* ContentView.swift in Sources */,
				AAD7E99A27ED582200AD1043 /* DogMarkerDetail.swift in Sources */,
				AAD7E98827EC5D2800AD1043 /* Tutorial4App.swift in Sources */,
				AAD7E99827EC605400AD1043 /* DogMakerCell.swift in Sources */,
			);
			runOnlyForDeploymentPostprocessing = 0;
		};
/* End PBXSourcesBuildPhase section */

/* Begin XCBuildConfiguration section */
		AAD7E99027EC5D2900AD1043 /* Debug */ = {
			isa = XCBuildConfiguration;
			buildSettings = {
				ALWAYS_SEARCH_USER_PATHS = NO;
				CLANG_ANALYZER_NONNULL = YES;
				CLANG_ANALYZER_NUMBER_OBJECT_CONVERSION = YES_AGGRESSIVE;
				CLANG_CXX_LANGUAGE_STANDARD = "gnu++17";
				CLANG_ENABLE_MODULES = YES;
				CLANG_ENABLE_OBJC_ARC = YES;
				CLANG_ENABLE_OBJC_WEAK = YES;
				CLANG_WARN_BLOCK_CAPTURE_AUTORELEASING = YES;
				CLANG_WARN_BOOL_CONVERSION = YES;
				CLANG_WARN_COMMA = YES;
				CLANG_WARN_CONSTANT_CONVERSION = YES;
				CLANG_WARN_DEPRECATED_OBJC_IMPLEMENTATIONS = YES;
				CLANG_WARN_DIRECT_OBJC_ISA_USAGE = YES_ERROR;
				CLANG_WARN_DOCUMENTATION_COMMENTS = YES;
				CLANG_WARN_EMPTY_BODY = YES;
				CLANG_WARN_ENUM_CONVERSION = YES;
				CLANG_WARN_INFINITE_RECURSION = YES;
				CLANG_WARN_INT_CONVERSION = YES;
				CLANG_WARN_NON_LITERAL_NULL_CONVERSION = YES;
				CLANG_WARN_OBJC_IMPLICIT_RETAIN_SELF = YES;
				CLANG_WARN_OBJC_LITERAL_CONVERSION = YES;
				CLANG_WARN_OBJC_ROOT_CLASS = YES_ERROR;
				CLANG_WARN_QUOTED_INCLUDE_IN_FRAMEWORK_HEADER = YES;
				CLANG_WARN_RANGE_LOOP_ANALYSIS = YES;
				CLANG_WARN_STRICT_PROTOTYPES = YES;
				CLANG_WARN_SUSPICIOUS_MOVE = YES;
				CLANG_WARN_UNGUARDED_AVAILABILITY = YES_AGGRESSIVE;
				CLANG_WARN_UNREACHABLE_CODE = YES;
				CLANG_WARN__DUPLICATE_METHOD_MATCH = YES;
				COPY_PHASE_STRIP = NO;
				DEBUG_INFORMATION_FORMAT = dwarf;
				ENABLE_STRICT_OBJC_MSGSEND = YES;
				ENABLE_TESTABILITY = YES;
				GCC_C_LANGUAGE_STANDARD = gnu11;
				GCC_DYNAMIC_NO_PIC = NO;
				GCC_NO_COMMON_BLOCKS = YES;
				GCC_OPTIMIZATION_LEVEL = 0;
				GCC_PREPROCESSOR_DEFINITIONS = (
					"DEBUG=1",
					"$(inherited)",
				);
				GCC_WARN_64_TO_32_BIT_CONVERSION = YES;
				GCC_WARN_ABOUT_RETURN_TYPE = YES_ERROR;
				GCC_WARN_UNDECLARED_SELECTOR = YES;
				GCC_WARN_UNINITIALIZED_AUTOS = YES_AGGRESSIVE;
				GCC_WARN_UNUSED_FUNCTION = YES;
				GCC_WARN_UNUSED_VARIABLE = YES;
				IPHONEOS_DEPLOYMENT_TARGET = 15.4;
				MTL_ENABLE_DEBUG_INFO = INCLUDE_SOURCE;
				MTL_FAST_MATH = YES;
				ONLY_ACTIVE_ARCH = YES;
				SDKROOT = iphoneos;
				SWIFT_ACTIVE_COMPILATION_CONDITIONS = DEBUG;
				SWIFT_OPTIMIZATION_LEVEL = "-Onone";
			};
			name = Debug;
		};
		AAD7E99127EC5D2900AD1043 /* Release */ = {
			isa = XCBuildConfiguration;
			buildSettings = {
				ALWAYS_SEARCH_USER_PATHS = NO;
				CLANG_ANALYZER_NONNULL = YES;
				CLANG_ANALYZER_NUMBER_OBJECT_CONVERSION = YES_AGGRESSIVE;
				CLANG_CXX_LANGUAGE_STANDARD = "gnu++17";
				CLANG_ENABLE_MODULES = YES;
				CLANG_ENABLE_OBJC_ARC = YES;
				CLANG_ENABLE_OBJC_WEAK = YES;
				CLANG_WARN_BLOCK_CAPTURE_AUTORELEASING = YES;
				CLANG_WARN_BOOL_CONVERSION = YES;
				CLANG_WARN_COMMA = YES;
				CLANG_WARN_CONSTANT_CONVERSION = YES;
				CLANG_WARN_DEPRECATED_OBJC_IMPLEMENTATIONS = YES;
				CLANG_WARN_DIRECT_OBJC_ISA_USAGE = YES_ERROR;
				CLANG_WARN_DOCUMENTATION_COMMENTS = YES;
				CLANG_WARN_EMPTY_BODY = YES;
				CLANG_WARN_ENUM_CONVERSION = YES;
				CLANG_WARN_INFINITE_RECURSION = YES;
				CLANG_WARN_INT_CONVERSION = YES;
				CLANG_WARN_NON_LITERAL_NULL_CONVERSION = YES;
				CLANG_WARN_OBJC_IMPLICIT_RETAIN_SELF = YES;
				CLANG_WARN_OBJC_LITERAL_CONVERSION = YES;
				CLANG_WARN_OBJC_ROOT_CLASS = YES_ERROR;
				CLANG_WARN_QUOTED_INCLUDE_IN_FRAMEWORK_HEADER = YES;
				CLANG_WARN_RANGE_LOOP_ANALYSIS = YES;
				CLANG_WARN_STRICT_PROTOTYPES = YES;
				CLANG_WARN_SUSPICIOUS_MOVE = YES;
				CLANG_WARN_UNGUARDED_AVAILABILITY = YES_AGGRESSIVE;
				CLANG_WARN_UNREACHABLE_CODE = YES;
				CLANG_WARN__DUPLICATE_METHOD_MATCH = YES;
				COPY_PHASE_STRIP = NO;
				DEBUG_INFORMATION_FORMAT = "dwarf-with-dsym";
				ENABLE_NS_ASSERTIONS = NO;
				ENABLE_STRICT_OBJC_MSGSEND = YES;
				GCC_C_LANGUAGE_STANDARD = gnu11;
				GCC_NO_COMMON_BLOCKS = YES;
				GCC_WARN_64_TO_32_BIT_CONVERSION = YES;
				GCC_WARN_ABOUT_RETURN_TYPE = YES_ERROR;
				GCC_WARN_UNDECLARED_SELECTOR = YES;
				GCC_WARN_UNINITIALIZED_AUTOS = YES_AGGRESSIVE;
				GCC_WARN_UNUSED_FUNCTION = YES;
				GCC_WARN_UNUSED_VARIABLE = YES;
				IPHONEOS_DEPLOYMENT_TARGET = 15.4;
				MTL_ENABLE_DEBUG_INFO = NO;
				MTL_FAST_MATH = YES;
				SDKROOT = iphoneos;
				SWIFT_COMPILATION_MODE = wholemodule;
				SWIFT_OPTIMIZATION_LEVEL = "-O";
				VALIDATE_PRODUCT = YES;
			};
			name = Release;
		};
		AAD7E99327EC5D2900AD1043 /* Debug */ = {
			isa = XCBuildConfiguration;
			buildSettings = {
				ASSETCATALOG_COMPILER_APPICON_NAME = AppIcon;
				ASSETCATALOG_COMPILER_GLOBAL_ACCENT_COLOR_NAME = AccentColor;
				CODE_SIGN_STYLE = Automatic;
				CURRENT_PROJECT_VERSION = 1;
				DEVELOPMENT_ASSET_PATHS = "\"Tutorial4/Preview Content\"";
				DEVELOPMENT_TEAM = P275SPG67W;
				ENABLE_PREVIEWS = YES;
				GENERATE_INFOPLIST_FILE = YES;
				INFOPLIST_KEY_UIApplicationSceneManifest_Generation = YES;
				INFOPLIST_KEY_UIApplicationSupportsIndirectInputEvents = YES;
				INFOPLIST_KEY_UILaunchScreen_Generation = YES;
				INFOPLIST_KEY_UISupportedInterfaceOrientations_iPad = "UIInterfaceOrientationPortrait UIInterfaceOrientationPortraitUpsideDown UIInterfaceOrientationLandscapeLeft UIInterfaceOrientationLandscapeRight";
				INFOPLIST_KEY_UISupportedInterfaceOrientations_iPhone = "UIInterfaceOrientationPortrait UIInterfaceOrientationLandscapeLeft UIInterfaceOrientationLandscapeRight";
				LD_RUNPATH_SEARCH_PATHS = (
					"$(inherited)",
					"@executable_path/Frameworks",
				);
				MARKETING_VERSION = 1.0;
				PRODUCT_BUNDLE_IDENTIFIER = com.yeonju.Tutorial4;
				PRODUCT_NAME = "$(TARGET_NAME)";
				SWIFT_EMIT_LOC_STRINGS = YES;
				SWIFT_VERSION = 5.0;
				TARGETED_DEVICE_FAMILY = "1,2";
			};
			name = Debug;
		};
		AAD7E99427EC5D2900AD1043 /* Release */ = {
			isa = XCBuildConfiguration;
			buildSettings = {
				ASSETCATALOG_COMPILER_APPICON_NAME = AppIcon;
				ASSETCATALOG_COMPILER_GLOBAL_ACCENT_COLOR_NAME = AccentColor;
				CODE_SIGN_STYLE = Automatic;
				CURRENT_PROJECT_VERSION = 1;
				DEVELOPMENT_ASSET_PATHS = "\"Tutorial4/Preview Content\"";
				DEVELOPMENT_TEAM = P275SPG67W;
				ENABLE_PREVIEWS = YES;
				GENERATE_INFOPLIST_FILE = YES;
				INFOPLIST_KEY_UIApplicationSceneManifest_Generation = YES;
				INFOPLIST_KEY_UIApplicationSupportsIndirectInputEvents = YES;
				INFOPLIST_KEY_UILaunchScreen_Generation = YES;
				INFOPLIST_KEY_UISupportedInterfaceOrientations_iPad = "UIInterfaceOrientationPortrait UIInterfaceOrientationPortraitUpsideDown UIInterfaceOrientationLandscapeLeft UIInterfaceOrientationLandscapeRight";
				INFOPLIST_KEY_UISupportedInterfaceOrientations_iPhone = "UIInterfaceOrientationPortrait UIInterfaceOrientationLandscapeLeft UIInterfaceOrientationLandscapeRight";
				LD_RUNPATH_SEARCH_PATHS = (
					"$(inherited)",
					"@executable_path/Frameworks",
				);
				MARKETING_VERSION = 1.0;
				PRODUCT_BUNDLE_IDENTIFIER = com.yeonju.Tutorial4;
				PRODUCT_NAME = "$(TARGET_NAME)";
				SWIFT_EMIT_LOC_STRINGS = YES;
				SWIFT_VERSION = 5.0;
				TARGETED_DEVICE_FAMILY = "1,2";
			};
			name = Release;
		};
/* End XCBuildConfiguration section */

/* Begin XCConfigurationList section */
		AAD7E97F27EC5D2800AD1043 /* Build configuration list for PBXProject "Tutorial4" */ = {
			isa = XCConfigurationList;
			buildConfigurations = (
				AAD7E99027EC5D2900AD1043 /* Debug */,
				AAD7E99127EC5D2900AD1043 /* Release */,
			);
			defaultConfigurationIsVisible = 0;
			defaultConfigurationName = Release;
		};
		AAD7E99227EC5D2900AD1043 /* Build configuration list for PBXNativeTarget "Tutorial4" */ = {
			isa = XCConfigurationList;
			buildConfigurations = (
				AAD7E99327EC5D2900AD1043 /* Debug */,
				AAD7E99427EC5D2900AD1043 /* Release */,
			);
			defaultConfigurationIsVisible = 0;
			defaultConfigurationName = Release;
		};
/* End XCConfigurationList section */
	};
	rootObject = AAD7E97C27EC5D2800AD1043 /* Project object */;
}
